
Microsoft Visual Studio Solution File, Format Version 12.00
# Visual Studio Version 17
VisualStudioVersion = 17.4.33205.214
MinimumVisualStudioVersion = 10.0.40219.1
Project("{FAE04EC0-301F-11D3-BF4B-00C04F79EFBC}") = "SuperBloc-notes", "SuperBloc-notes\SuperBloc-notes.csproj", "{CC1605FA-2389-4423-8982-37E6534F351F}"
EndProject
Global
	GlobalSection(SolutionConfigurationPlatforms) = preSolution
		Debug|Any CPU = Debug|Any CPU
		Release|Any CPU = Release|Any CPU
	EndGlobalSection
	GlobalSection(ProjectConfigurationPlatforms) = postSolution
		{CC1605FA-2389-4423-8982-37E6534F351F}.Debug|Any CPU.ActiveCfg = Debug|Any CPU
		{CC1605FA-2389-4423-8982-37E6534F351F}.Debug|Any CPU.Build.0 = Debug|Any CPU
		{CC1605FA-2389-4423-8982-37E6534F351F}.Release|Any CPU.ActiveCfg = Release|Any CPU
		{CC1605FA-2389-4423-8982-37E6534F351F}.Release|Any CPU.Build.0 = Release|Any CPU
	EndGlobalSection
	GlobalSection(SolutionProperties) = preSolution
		HideSolutionNode = FALSE
	EndGlobalSection
	GlobalSection(ExtensibilityGlobals) = postSolution
		SolutionGuid = {C55B27AC-F49B-4880-A038-C0E63B358BE2}
	EndGlobalSection
EndGlobal
